
Microsoft Visual Studio Solution File, Format Version 12.00
# Visual Studio Version 17
VisualStudioVersion = 17.2.32516.85
MinimumVisualStudioVersion = 10.0.40219.1
Project("{2150E333-8FDC-42A3-9474-1A3956D46DE8}") = "Domashna1", "Domashna1", "{7318730E-60A5-4CE7-9851-BD4601A9BD8F}"
EndProject
Project("{9A19103F-16F7-4668-BE54-9A1E7A4F7556}") = "EShop.Web", "EShop.Web\EShop.Web.csproj", "{384183B1-1F6E-49CE-88B8-C0A105C096D8}"
EndProject
Project("{FAE04EC0-301F-11D3-BF4B-00C04F79EFBC}") = "EShop.Repository", "EShop.Repository\EShop.Repository.csproj", "{FC64C097-676E-4F06-A231-71C77DF16511}"
EndProject
Project("{FAE04EC0-301F-11D3-BF4B-00C04F79EFBC}") = "EShop.Domain", "EShop.Domain\EShop.Domain.csproj", "{284E8E13-9D6B-40FA-8491-473DA1FA2CA3}"
EndProject
Project("{FAE04EC0-301F-11D3-BF4B-00C04F79EFBC}") = "EShop.Services", "EShop.Services\EShop.Services.csproj", "{61816FC8-FBB1-4445-9E28-F18BD6CCFCD1}"
EndProject
Global
	GlobalSection(SolutionConfigurationPlatforms) = preSolution
		Debug|Any CPU = Debug|Any CPU
		Release|Any CPU = Release|Any CPU
	EndGlobalSection
	GlobalSection(ProjectConfigurationPlatforms) = postSolution
		{384183B1-1F6E-49CE-88B8-C0A105C096D8}.Debug|Any CPU.ActiveCfg = Debug|Any CPU
		{384183B1-1F6E-49CE-88B8-C0A105C096D8}.Debug|Any CPU.Build.0 = Debug|Any CPU
		{384183B1-1F6E-49CE-88B8-C0A105C096D8}.Release|Any CPU.ActiveCfg = Release|Any CPU
		{384183B1-1F6E-49CE-88B8-C0A105C096D8}.Release|Any CPU.Build.0 = Release|Any CPU
		{FC64C097-676E-4F06-A231-71C77DF16511}.Debug|Any CPU.ActiveCfg = Debug|Any CPU
		{FC64C097-676E-4F06-A231-71C77DF16511}.Debug|Any CPU.Build.0 = Debug|Any CPU
		{FC64C097-676E-4F06-A231-71C77DF16511}.Release|Any CPU.ActiveCfg = Release|Any CPU
		{FC64C097-676E-4F06-A231-71C77DF16511}.Release|Any CPU.Build.0 = Release|Any CPU
		{284E8E13-9D6B-40FA-8491-473DA1FA2CA3}.Debug|Any CPU.ActiveCfg = Debug|Any CPU
		{284E8E13-9D6B-40FA-8491-473DA1FA2CA3}.Debug|Any CPU.Build.0 = Debug|Any CPU
		{284E8E13-9D6B-40FA-8491-473DA1FA2CA3}.Release|Any CPU.ActiveCfg = Release|Any CPU
		{284E8E13-9D6B-40FA-8491-473DA1FA2CA3}.Release|Any CPU.Build.0 = Release|Any CPU
		{61816FC8-FBB1-4445-9E28-F18BD6CCFCD1}.Debug|Any CPU.ActiveCfg = Debug|Any CPU
		{61816FC8-FBB1-4445-9E28-F18BD6CCFCD1}.Debug|Any CPU.Build.0 = Debug|Any CPU
		{61816FC8-FBB1-4445-9E28-F18BD6CCFCD1}.Release|Any CPU.ActiveCfg = Release|Any CPU
		{61816FC8-FBB1-4445-9E28-F18BD6CCFCD1}.Release|Any CPU.Build.0 = Release|Any CPU
	EndGlobalSection
	GlobalSection(SolutionProperties) = preSolution
		HideSolutionNode = FALSE
	EndGlobalSection
	GlobalSection(NestedProjects) = preSolution
		{384183B1-1F6E-49CE-88B8-C0A105C096D8} = {7318730E-60A5-4CE7-9851-BD4601A9BD8F}
		{FC64C097-676E-4F06-A231-71C77DF16511} = {7318730E-60A5-4CE7-9851-BD4601A9BD8F}
		{284E8E13-9D6B-40FA-8491-473DA1FA2CA3} = {7318730E-60A5-4CE7-9851-BD4601A9BD8F}
		{61816FC8-FBB1-4445-9E28-F18BD6CCFCD1} = {7318730E-60A5-4CE7-9851-BD4601A9BD8F}
	EndGlobalSection
	GlobalSection(ExtensibilityGlobals) = postSolution
		SolutionGuid = {50A1AF67-B339-498D-AA28-9BD167BD1302}
	EndGlobalSection
EndGlobal
